// !$*UTF8*$!
{
	archiveVersion = 1;
	classes = {
	};
	objectVersion = 56;
	objects = {

/* Begin PBXBuildFile section */
		4C138FC52B8135F600B611F6 /* Movie.swift in Sources */ = {isa = PBXBuildFile; fileRef = 4C138FC42B8135F600B611F6 /* Movie.swift */; };
		4C138FC72B81366100B611F6 /* MovieResponse.swift in Sources */ = {isa = PBXBuildFile; fileRef = 4C138FC62B81366100B611F6 /* MovieResponse.swift */; };
		4C138FC92B813AA200B611F6 /* API.swift in Sources */ = {isa = PBXBuildFile; fileRef = 4C138FC82B813AA200B611F6 /* API.swift */; };
		4C138FCC2B813BA800B611F6 /* Alamofire in Frameworks */ = {isa = PBXBuildFile; productRef = 4C138FCB2B813BA800B611F6 /* Alamofire */; };
		4C138FCE2B813BCF00B611F6 /* NetworkService.swift in Sources */ = {isa = PBXBuildFile; fileRef = 4C138FCD2B813BCF00B611F6 /* NetworkService.swift */; };
		4C138FD02B813CA500B611F6 /* MovieSearchViewModel.swift in Sources */ = {isa = PBXBuildFile; fileRef = 4C138FCF2B813CA500B611F6 /* MovieSearchViewModel.swift */; };
		4C138FD22B813F8100B611F6 /* MovieSearchViewController.swift in Sources */ = {isa = PBXBuildFile; fileRef = 4C138FD12B813F8100B611F6 /* MovieSearchViewController.swift */; };
		4C138FD42B81448800B611F6 /* Coordinator.swift in Sources */ = {isa = PBXBuildFile; fileRef = 4C138FD32B81448800B611F6 /* Coordinator.swift */; };
		4C138FD62B8144A100B611F6 /* MainCoordinator.swift in Sources */ = {isa = PBXBuildFile; fileRef = 4C138FD52B8144A100B611F6 /* MainCoordinator.swift */; };
		4C138FD82B81465700B611F6 /* MovieDetailViewController.swift in Sources */ = {isa = PBXBuildFile; fileRef = 4C138FD72B81465700B611F6 /* MovieDetailViewController.swift */; };
		4C138FDA2B8147D300B611F6 /* URLConstants.swift in Sources */ = {isa = PBXBuildFile; fileRef = 4C138FD92B8147D300B611F6 /* URLConstants.swift */; };
		4C33BCE12B837C1C000942AA /* SkeletonView in Frameworks */ = {isa = PBXBuildFile; productRef = 4C33BCE02B837C1C000942AA /* SkeletonView */; };
		4C33BCE52B838019000942AA /* UIView+Ext.swift in Sources */ = {isa = PBXBuildFile; fileRef = 4C33BCE42B838019000942AA /* UIView+Ext.swift */; };
		4C33BCE72B83812B000942AA /* UIColor+Additions.swift in Sources */ = {isa = PBXBuildFile; fileRef = 4C33BCE62B83812B000942AA /* UIColor+Additions.swift */; };
		4C33BCE92B8381EE000942AA /* PaddingLabel.swift in Sources */ = {isa = PBXBuildFile; fileRef = 4C33BCE82B8381EE000942AA /* PaddingLabel.swift */; };
		4C33BCEE2B838E3F000942AA /* MovieDetailCell.swift in Sources */ = {isa = PBXBuildFile; fileRef = 4C33BCED2B838E3F000942AA /* MovieDetailCell.swift */; };
		4C864DE52B80BA270096B34C /* AppDelegate.swift in Sources */ = {isa = PBXBuildFile; fileRef = 4C864DE42B80BA270096B34C /* AppDelegate.swift */; };
		4C864DEE2B80BA2C0096B34C /* Assets.xcassets in Resources */ = {isa = PBXBuildFile; fileRef = 4C864DED2B80BA2C0096B34C /* Assets.xcassets */; };
		4C864DF12B80BA2C0096B34C /* LaunchScreen.storyboard in Resources */ = {isa = PBXBuildFile; fileRef = 4C864DEF2B80BA2C0096B34C /* LaunchScreen.storyboard */; };
		4C864DFC2B80BA2C0096B34C /* MovieAppTests.swift in Sources */ = {isa = PBXBuildFile; fileRef = 4C864DFB2B80BA2C0096B34C /* MovieAppTests.swift */; };
		4C864E062B80BA2C0096B34C /* MovieAppUITests.swift in Sources */ = {isa = PBXBuildFile; fileRef = 4C864E052B80BA2C0096B34C /* MovieAppUITests.swift */; };
		4C864E082B80BA2C0096B34C /* MovieAppUITestsLaunchTests.swift in Sources */ = {isa = PBXBuildFile; fileRef = 4C864E072B80BA2C0096B34C /* MovieAppUITestsLaunchTests.swift */; };
		4C937A182B84D4FE006DB497 /* Cosmos in Frameworks */ = {isa = PBXBuildFile; productRef = 4C937A172B84D4FE006DB497 /* Cosmos */; };
		4CDD276A2B840B2500EFBC77 /* MovieDetailReusableView.swift in Sources */ = {isa = PBXBuildFile; fileRef = 4CDD27692B840B2500EFBC77 /* MovieDetailReusableView.swift */; };
		4CDD66AB2B83AF1B00DDEF43 /* Kingfisher in Frameworks */ = {isa = PBXBuildFile; productRef = 4CDD66AA2B83AF1B00DDEF43 /* Kingfisher */; };
		4CDD66AD2B83B89A00DDEF43 /* MovieDetailViewModel.swift in Sources */ = {isa = PBXBuildFile; fileRef = 4CDD66AC2B83B89A00DDEF43 /* MovieDetailViewModel.swift */; };
/* End PBXBuildFile section */

/* Begin PBXContainerItemProxy section */
		4C864DF82B80BA2C0096B34C /* PBXContainerItemProxy */ = {
			isa = PBXContainerItemProxy;
			containerPortal = 4C864DD92B80BA270096B34C /* Project object */;
			proxyType = 1;
			remoteGlobalIDString = 4C864DE02B80BA270096B34C;
			remoteInfo = "MVVM-C_BoilerPlate";
		};
		4C864E022B80BA2C0096B34C /* PBXContainerItemProxy */ = {
			isa = PBXContainerItemProxy;
			containerPortal = 4C864DD92B80BA270096B34C /* Project object */;
			proxyType = 1;
			remoteGlobalIDString = 4C864DE02B80BA270096B34C;
			remoteInfo = "MVVM-C_BoilerPlate";
		};
/* End PBXContainerItemProxy section */

/* Begin PBXFileReference section */
		4C138FC42B8135F600B611F6 /* Movie.swift */ = {isa = PBXFileReference; lastKnownFileType = sourcecode.swift; path = Movie.swift; sourceTree = "<group>"; };
		4C138FC62B81366100B611F6 /* MovieResponse.swift */ = {isa = PBXFileReference; lastKnownFileType = sourcecode.swift; path = MovieResponse.swift; sourceTree = "<group>"; };
		4C138FC82B813AA200B611F6 /* API.swift */ = {isa = PBXFileReference; lastKnownFileType = sourcecode.swift; path = API.swift; sourceTree = "<group>"; };
		4C138FCD2B813BCF00B611F6 /* NetworkService.swift */ = {isa = PBXFileReference; lastKnownFileType = sourcecode.swift; path = NetworkService.swift; sourceTree = "<group>"; };
		4C138FCF2B813CA500B611F6 /* MovieSearchViewModel.swift */ = {isa = PBXFileReference; lastKnownFileType = sourcecode.swift; path = MovieSearchViewModel.swift; sourceTree = "<group>"; };
		4C138FD12B813F8100B611F6 /* MovieSearchViewController.swift */ = {isa = PBXFileReference; lastKnownFileType = sourcecode.swift; path = MovieSearchViewController.swift; sourceTree = "<group>"; };
		4C138FD32B81448800B611F6 /* Coordinator.swift */ = {isa = PBXFileReference; lastKnownFileType = sourcecode.swift; path = Coordinator.swift; sourceTree = "<group>"; };
		4C138FD52B8144A100B611F6 /* MainCoordinator.swift */ = {isa = PBXFileReference; lastKnownFileType = sourcecode.swift; path = MainCoordinator.swift; sourceTree = "<group>"; };
		4C138FD72B81465700B611F6 /* MovieDetailViewController.swift */ = {isa = PBXFileReference; lastKnownFileType = sourcecode.swift; path = MovieDetailViewController.swift; sourceTree = "<group>"; };
		4C138FD92B8147D300B611F6 /* URLConstants.swift */ = {isa = PBXFileReference; lastKnownFileType = sourcecode.swift; path = URLConstants.swift; sourceTree = "<group>"; };
		4C33BCE42B838019000942AA /* UIView+Ext.swift */ = {isa = PBXFileReference; lastKnownFileType = sourcecode.swift; path = "UIView+Ext.swift"; sourceTree = "<group>"; };
		4C33BCE62B83812B000942AA /* UIColor+Additions.swift */ = {isa = PBXFileReference; lastKnownFileType = sourcecode.swift; path = "UIColor+Additions.swift"; sourceTree = "<group>"; };
		4C33BCE82B8381EE000942AA /* PaddingLabel.swift */ = {isa = PBXFileReference; lastKnownFileType = sourcecode.swift; path = PaddingLabel.swift; sourceTree = "<group>"; };
		4C33BCED2B838E3F000942AA /* MovieDetailCell.swift */ = {isa = PBXFileReference; lastKnownFileType = sourcecode.swift; path = MovieDetailCell.swift; sourceTree = "<group>"; };
		4C864DE12B80BA270096B34C /* MovieApp.app */ = {isa = PBXFileReference; explicitFileType = wrapper.application; includeInIndex = 0; path = MovieApp.app; sourceTree = BUILT_PRODUCTS_DIR; };
		4C864DE42B80BA270096B34C /* AppDelegate.swift */ = {isa = PBXFileReference; lastKnownFileType = sourcecode.swift; path = AppDelegate.swift; sourceTree = "<group>"; };
		4C864DED2B80BA2C0096B34C /* Assets.xcassets */ = {isa = PBXFileReference; lastKnownFileType = folder.assetcatalog; path = Assets.xcassets; sourceTree = "<group>"; };
		4C864DF02B80BA2C0096B34C /* Base */ = {isa = PBXFileReference; lastKnownFileType = file.storyboard; name = Base; path = Base.lproj/LaunchScreen.storyboard; sourceTree = "<group>"; };
		4C864DF22B80BA2C0096B34C /* Info.plist */ = {isa = PBXFileReference; lastKnownFileType = text.plist.xml; path = Info.plist; sourceTree = "<group>"; };
		4C864DF72B80BA2C0096B34C /* MovieAppTests.xctest */ = {isa = PBXFileReference; explicitFileType = wrapper.cfbundle; includeInIndex = 0; path = MovieAppTests.xctest; sourceTree = BUILT_PRODUCTS_DIR; };
		4C864DFB2B80BA2C0096B34C /* MovieAppTests.swift */ = {isa = PBXFileReference; lastKnownFileType = sourcecode.swift; path = MovieAppTests.swift; sourceTree = "<group>"; };
		4C864E012B80BA2C0096B34C /* MovieAppUITests.xctest */ = {isa = PBXFileReference; explicitFileType = wrapper.cfbundle; includeInIndex = 0; path = MovieAppUITests.xctest; sourceTree = BUILT_PRODUCTS_DIR; };
		4C864E052B80BA2C0096B34C /* MovieAppUITests.swift */ = {isa = PBXFileReference; lastKnownFileType = sourcecode.swift; path = MovieAppUITests.swift; sourceTree = "<group>"; };
		4C864E072B80BA2C0096B34C /* MovieAppUITestsLaunchTests.swift */ = {isa = PBXFileReference; lastKnownFileType = sourcecode.swift; path = MovieAppUITestsLaunchTests.swift; sourceTree = "<group>"; };
		4CDD27692B840B2500EFBC77 /* MovieDetailReusableView.swift */ = {isa = PBXFileReference; lastKnownFileType = sourcecode.swift; path = MovieDetailReusableView.swift; sourceTree = "<group>"; };
		4CDD66AC2B83B89A00DDEF43 /* MovieDetailViewModel.swift */ = {isa = PBXFileReference; lastKnownFileType = sourcecode.swift; path = MovieDetailViewModel.swift; sourceTree = "<group>"; };
/* End PBXFileReference section */

/* Begin PBXFrameworksBuildPhase section */
		4C864DDE2B80BA270096B34C /* Frameworks */ = {
			isa = PBXFrameworksBuildPhase;
			buildActionMask = 2147483647;
			files = (
				4CDD66AB2B83AF1B00DDEF43 /* Kingfisher in Frameworks */,
				4C33BCE12B837C1C000942AA /* SkeletonView in Frameworks */,
				4C937A182B84D4FE006DB497 /* Cosmos in Frameworks */,
				4C138FCC2B813BA800B611F6 /* Alamofire in Frameworks */,
			);
			runOnlyForDeploymentPostprocessing = 0;
		};
		4C864DF42B80BA2C0096B34C /* Frameworks */ = {
			isa = PBXFrameworksBuildPhase;
			buildActionMask = 2147483647;
			files = (
			);
			runOnlyForDeploymentPostprocessing = 0;
		};
		4C864DFE2B80BA2C0096B34C /* Frameworks */ = {
			isa = PBXFrameworksBuildPhase;
			buildActionMask = 2147483647;
			files = (
			);
			runOnlyForDeploymentPostprocessing = 0;
		};
/* End PBXFrameworksBuildPhase section */

/* Begin PBXGroup section */
		4C138FBB2B81348300B611F6 /* App */ = {
			isa = PBXGroup;
			children = (
				4C864DE42B80BA270096B34C /* AppDelegate.swift */,
			);
			path = App;
			sourceTree = "<group>";
		};
		4C138FBD2B81350300B611F6 /* ViewModels */ = {
			isa = PBXGroup;
			children = (
				4C138FCF2B813CA500B611F6 /* MovieSearchViewModel.swift */,
				4CDD66AC2B83B89A00DDEF43 /* MovieDetailViewModel.swift */,
			);
			path = ViewModels;
			sourceTree = "<group>";
		};
		4C138FBE2B81354000B611F6 /* Views */ = {
			isa = PBXGroup;
			children = (
				4C33BCEA2B8387AC000942AA /* Cells */,
				4C138FD12B813F8100B611F6 /* MovieSearchViewController.swift */,
				4C138FD72B81465700B611F6 /* MovieDetailViewController.swift */,
			);
			path = Views;
			sourceTree = "<group>";
		};
		4C138FBF2B81354C00B611F6 /* Coordinators */ = {
			isa = PBXGroup;
			children = (
				4C138FD32B81448800B611F6 /* Coordinator.swift */,
				4C138FD52B8144A100B611F6 /* MainCoordinator.swift */,
			);
			path = Coordinators;
			sourceTree = "<group>";
		};
		4C138FC02B81356C00B611F6 /* Services */ = {
			isa = PBXGroup;
			children = (
				4C138FC82B813AA200B611F6 /* API.swift */,
				4C138FCD2B813BCF00B611F6 /* NetworkService.swift */,
				4C138FD92B8147D300B611F6 /* URLConstants.swift */,
			);
			path = Services;
			sourceTree = "<group>";
		};
		4C138FC12B81357700B611F6 /* Utilities */ = {
			isa = PBXGroup;
			children = (
				4C33BCE82B8381EE000942AA /* PaddingLabel.swift */,
			);
			path = Utilities;
			sourceTree = "<group>";
		};
		4C138FC22B81357E00B611F6 /* Extensions */ = {
			isa = PBXGroup;
			children = (
				4C33BCE42B838019000942AA /* UIView+Ext.swift */,
				4C33BCE62B83812B000942AA /* UIColor+Additions.swift */,
			);
			path = Extensions;
			sourceTree = "<group>";
		};
		4C138FC32B8135C200B611F6 /* Models */ = {
			isa = PBXGroup;
			children = (
				4C138FC42B8135F600B611F6 /* Movie.swift */,
				4C138FC62B81366100B611F6 /* MovieResponse.swift */,
			);
			path = Models;
			sourceTree = "<group>";
		};
		4C33BCEA2B8387AC000942AA /* Cells */ = {
			isa = PBXGroup;
			children = (
				4C33BCED2B838E3F000942AA /* MovieDetailCell.swift */,
				4CDD27692B840B2500EFBC77 /* MovieDetailReusableView.swift */,
			);
			path = Cells;
			sourceTree = "<group>";
		};
		4C864DD82B80BA270096B34C = {
			isa = PBXGroup;
			children = (
				4C864DE32B80BA270096B34C /* MovieApp */,
				4C864DFA2B80BA2C0096B34C /* MovieAppTests */,
				4C864E042B80BA2C0096B34C /* MovieAppUITests */,
				4C864DE22B80BA270096B34C /* Products */,
			);
			sourceTree = "<group>";
		};
		4C864DE22B80BA270096B34C /* Products */ = {
			isa = PBXGroup;
			children = (
				4C864DE12B80BA270096B34C /* MovieApp.app */,
				4C864DF72B80BA2C0096B34C /* MovieAppTests.xctest */,
				4C864E012B80BA2C0096B34C /* MovieAppUITests.xctest */,
			);
			name = Products;
			sourceTree = "<group>";
		};
		4C864DE32B80BA270096B34C /* MovieApp */ = {
			isa = PBXGroup;
			children = (
				4C138FBB2B81348300B611F6 /* App */,
				4C138FBF2B81354C00B611F6 /* Coordinators */,
				4C138FBE2B81354000B611F6 /* Views */,
				4C138FBD2B81350300B611F6 /* ViewModels */,
				4C138FC02B81356C00B611F6 /* Services */,
				4C138FC32B8135C200B611F6 /* Models */,
				4C138FC12B81357700B611F6 /* Utilities */,
				4C138FC22B81357E00B611F6 /* Extensions */,
				4C864DED2B80BA2C0096B34C /* Assets.xcassets */,
				4C864DEF2B80BA2C0096B34C /* LaunchScreen.storyboard */,
				4C864DF22B80BA2C0096B34C /* Info.plist */,
			);
			path = MovieApp;
			sourceTree = "<group>";
		};
		4C864DFA2B80BA2C0096B34C /* MovieAppTests */ = {
			isa = PBXGroup;
			children = (
				4C864DFB2B80BA2C0096B34C /* MovieAppTests.swift */,
			);
			path = MovieAppTests;
			sourceTree = "<group>";
		};
		4C864E042B80BA2C0096B34C /* MovieAppUITests */ = {
			isa = PBXGroup;
			children = (
				4C864E052B80BA2C0096B34C /* MovieAppUITests.swift */,
				4C864E072B80BA2C0096B34C /* MovieAppUITestsLaunchTests.swift */,
			);
			path = MovieAppUITests;
			sourceTree = "<group>";
		};
/* End PBXGroup section */

/* Begin PBXNativeTarget section */
		4C864DE02B80BA270096B34C /* MovieApp */ = {
			isa = PBXNativeTarget;
			buildConfigurationList = 4C864E0B2B80BA2C0096B34C /* Build configuration list for PBXNativeTarget "MovieApp" */;
			buildPhases = (
				4C864DDD2B80BA270096B34C /* Sources */,
				4C864DDE2B80BA270096B34C /* Frameworks */,
				4C864DDF2B80BA270096B34C /* Resources */,
			);
			buildRules = (
			);
			dependencies = (
			);
			name = MovieApp;
			packageProductDependencies = (
				4C138FCB2B813BA800B611F6 /* Alamofire */,
				4C33BCE02B837C1C000942AA /* SkeletonView */,
				4CDD66AA2B83AF1B00DDEF43 /* Kingfisher */,
				4C937A172B84D4FE006DB497 /* Cosmos */,
			);
			productName = "MVVM-C_BoilerPlate";
			productReference = 4C864DE12B80BA270096B34C /* MovieApp.app */;
			productType = "com.apple.product-type.application";
		};
		4C864DF62B80BA2C0096B34C /* MovieAppTests */ = {
			isa = PBXNativeTarget;
			buildConfigurationList = 4C864E0E2B80BA2C0096B34C /* Build configuration list for PBXNativeTarget "MovieAppTests" */;
			buildPhases = (
				4C864DF32B80BA2C0096B34C /* Sources */,
				4C864DF42B80BA2C0096B34C /* Frameworks */,
				4C864DF52B80BA2C0096B34C /* Resources */,
			);
			buildRules = (
			);
			dependencies = (
				4C864DF92B80BA2C0096B34C /* PBXTargetDependency */,
			);
			name = MovieAppTests;
			productName = "MVVM-C_BoilerPlateTests";
			productReference = 4C864DF72B80BA2C0096B34C /* MovieAppTests.xctest */;
			productType = "com.apple.product-type.bundle.unit-test";
		};
		4C864E002B80BA2C0096B34C /* MovieAppUITests */ = {
			isa = PBXNativeTarget;
			buildConfigurationList = 4C864E112B80BA2C0096B34C /* Build configuration list for PBXNativeTarget "MovieAppUITests" */;
			buildPhases = (
				4C864DFD2B80BA2C0096B34C /* Sources */,
				4C864DFE2B80BA2C0096B34C /* Frameworks */,
				4C864DFF2B80BA2C0096B34C /* Resources */,
			);
			buildRules = (
			);
			dependencies = (
				4C864E032B80BA2C0096B34C /* PBXTargetDependency */,
			);
			name = MovieAppUITests;
			productName = "MVVM-C_BoilerPlateUITests";
			productReference = 4C864E012B80BA2C0096B34C /* MovieAppUITests.xctest */;
			productType = "com.apple.product-type.bundle.ui-testing";
		};
/* End PBXNativeTarget section */

/* Begin PBXProject section */
		4C864DD92B80BA270096B34C /* Project object */ = {
			isa = PBXProject;
			attributes = {
				BuildIndependentTargetsInParallel = 1;
				LastSwiftUpdateCheck = 1520;
				LastUpgradeCheck = 1520;
				TargetAttributes = {
					4C864DE02B80BA270096B34C = {
						CreatedOnToolsVersion = 15.2;
					};
					4C864DF62B80BA2C0096B34C = {
						CreatedOnToolsVersion = 15.2;
						TestTargetID = 4C864DE02B80BA270096B34C;
					};
					4C864E002B80BA2C0096B34C = {
						CreatedOnToolsVersion = 15.2;
						TestTargetID = 4C864DE02B80BA270096B34C;
					};
				};
			};
			buildConfigurationList = 4C864DDC2B80BA270096B34C /* Build configuration list for PBXProject "MovieApp" */;
			compatibilityVersion = "Xcode 14.0";
			developmentRegion = en;
			hasScannedForEncodings = 0;
			knownRegions = (
				en,
				Base,
			);
			mainGroup = 4C864DD82B80BA270096B34C;
			packageReferences = (
				4C138FCA2B813BA800B611F6 /* XCRemoteSwiftPackageReference "Alamofire" */,
				4C33BCDF2B837C1C000942AA /* XCRemoteSwiftPackageReference "SkeletonView" */,
				4CDD66A62B839C5F00DDEF43 /* XCRemoteSwiftPackageReference "ios-snapshot-test-case" */,
				4CDD66A92B83AF1B00DDEF43 /* XCRemoteSwiftPackageReference "Kingfisher" */,
				4C937A162B84D4FE006DB497 /* XCRemoteSwiftPackageReference "Cosmos" */,
			);
			productRefGroup = 4C864DE22B80BA270096B34C /* Products */;
			projectDirPath = "";
			projectRoot = "";
			targets = (
				4C864DE02B80BA270096B34C /* MovieApp */,
				4C864DF62B80BA2C0096B34C /* MovieAppTests */,
				4C864E002B80BA2C0096B34C /* MovieAppUITests */,
			);
		};
/* End PBXProject section */

/* Begin PBXResourcesBuildPhase section */
		4C864DDF2B80BA270096B34C /* Resources */ = {
			isa = PBXResourcesBuildPhase;
			buildActionMask = 2147483647;
			files = (
				4C864DF12B80BA2C0096B34C /* LaunchScreen.storyboard in Resources */,
				4C864DEE2B80BA2C0096B34C /* Assets.xcassets in Resources */,
			);
			runOnlyForDeploymentPostprocessing = 0;
		};
		4C864DF52B80BA2C0096B34C /* Resources */ = {
			isa = PBXResourcesBuildPhase;
			buildActionMask = 2147483647;
			files = (
			);
			runOnlyForDeploymentPostprocessing = 0;
		};
		4C864DFF2B80BA2C0096B34C /* Resources */ = {
			isa = PBXResourcesBuildPhase;
			buildActionMask = 2147483647;
			files = (
			);
			runOnlyForDeploymentPostprocessing = 0;
		};
/* End PBXResourcesBuildPhase section */

/* Begin PBXSourcesBuildPhase section */
		4C864DDD2B80BA270096B34C /* Sources */ = {
			isa = PBXSourcesBuildPhase;
			buildActionMask = 2147483647;
			files = (
				4C138FD02B813CA500B611F6 /* MovieSearchViewModel.swift in Sources */,
				4C33BCE72B83812B000942AA /* UIColor+Additions.swift in Sources */,
				4C138FC72B81366100B611F6 /* MovieResponse.swift in Sources */,
				4C138FD62B8144A100B611F6 /* MainCoordinator.swift in Sources */,
				4CDD66AD2B83B89A00DDEF43 /* MovieDetailViewModel.swift in Sources */,
				4C864DE52B80BA270096B34C /* AppDelegate.swift in Sources */,
				4C33BCEE2B838E3F000942AA /* MovieDetailCell.swift in Sources */,
				4C138FC52B8135F600B611F6 /* Movie.swift in Sources */,
				4C138FCE2B813BCF00B611F6 /* NetworkService.swift in Sources */,
				4C138FC92B813AA200B611F6 /* API.swift in Sources */,
				4C33BCE92B8381EE000942AA /* PaddingLabel.swift in Sources */,
				4C138FD22B813F8100B611F6 /* MovieSearchViewController.swift in Sources */,
				4C33BCE52B838019000942AA /* UIView+Ext.swift in Sources */,
				4C138FDA2B8147D300B611F6 /* URLConstants.swift in Sources */,
				4CDD276A2B840B2500EFBC77 /* MovieDetailReusableView.swift in Sources */,
				4C138FD82B81465700B611F6 /* MovieDetailViewController.swift in Sources */,
				4C138FD42B81448800B611F6 /* Coordinator.swift in Sources */,
			);
			runOnlyForDeploymentPostprocessing = 0;
		};
		4C864DF32B80BA2C0096B34C /* Sources */ = {
			isa = PBXSourcesBuildPhase;
			buildActionMask = 2147483647;
			files = (
				4C864DFC2B80BA2C0096B34C /* MovieAppTests.swift in Sources */,
			);
			runOnlyForDeploymentPostprocessing = 0;
		};
		4C864DFD2B80BA2C0096B34C /* Sources */ = {
			isa = PBXSourcesBuildPhase;
			buildActionMask = 2147483647;
			files = (
				4C864E082B80BA2C0096B34C /* MovieAppUITestsLaunchTests.swift in Sources */,
				4C864E062B80BA2C0096B34C /* MovieAppUITests.swift in Sources */,
			);
			runOnlyForDeploymentPostprocessing = 0;
		};
/* End PBXSourcesBuildPhase section */

/* Begin PBXTargetDependency section */
		4C864DF92B80BA2C0096B34C /* PBXTargetDependency */ = {
			isa = PBXTargetDependency;
			target = 4C864DE02B80BA270096B34C /* MovieApp */;
			targetProxy = 4C864DF82B80BA2C0096B34C /* PBXContainerItemProxy */;
		};
		4C864E032B80BA2C0096B34C /* PBXTargetDependency */ = {
			isa = PBXTargetDependency;
			target = 4C864DE02B80BA270096B34C /* MovieApp */;
			targetProxy = 4C864E022B80BA2C0096B34C /* PBXContainerItemProxy */;
		};
/* End PBXTargetDependency section */

/* Begin PBXVariantGroup section */
		4C864DEF2B80BA2C0096B34C /* LaunchScreen.storyboard */ = {
			isa = PBXVariantGroup;
			children = (
				4C864DF02B80BA2C0096B34C /* Base */,
			);
			name = LaunchScreen.storyboard;
			sourceTree = "<group>";
		};
/* End PBXVariantGroup section */

/* Begin XCBuildConfiguration section */
		4C864E092B80BA2C0096B34C /* Debug */ = {
			isa = XCBuildConfiguration;
			buildSettings = {
				ALWAYS_SEARCH_USER_PATHS = NO;
				ASSETCATALOG_COMPILER_GENERATE_SWIFT_ASSET_SYMBOL_EXTENSIONS = YES;
				CLANG_ANALYZER_NONNULL = YES;
				CLANG_ANALYZER_NUMBER_OBJECT_CONVERSION = YES_AGGRESSIVE;
				CLANG_CXX_LANGUAGE_STANDARD = "gnu++20";
				CLANG_ENABLE_MODULES = YES;
				CLANG_ENABLE_OBJC_ARC = YES;
				CLANG_ENABLE_OBJC_WEAK = YES;
				CLANG_WARN_BLOCK_CAPTURE_AUTORELEASING = YES;
				CLANG_WARN_BOOL_CONVERSION = YES;
				CLANG_WARN_COMMA = YES;
				CLANG_WARN_CONSTANT_CONVERSION = YES;
				CLANG_WARN_DEPRECATED_OBJC_IMPLEMENTATIONS = YES;
				CLANG_WARN_DIRECT_OBJC_ISA_USAGE = YES_ERROR;
				CLANG_WARN_DOCUMENTATION_COMMENTS = YES;
				CLANG_WARN_EMPTY_BODY = YES;
				CLANG_WARN_ENUM_CONVERSION = YES;
				CLANG_WARN_INFINITE_RECURSION = YES;
				CLANG_WARN_INT_CONVERSION = YES;
				CLANG_WARN_NON_LITERAL_NULL_CONVERSION = YES;
				CLANG_WARN_OBJC_IMPLICIT_RETAIN_SELF = YES;
				CLANG_WARN_OBJC_LITERAL_CONVERSION = YES;
				CLANG_WARN_OBJC_ROOT_CLASS = YES_ERROR;
				CLANG_WARN_QUOTED_INCLUDE_IN_FRAMEWORK_HEADER = YES;
				CLANG_WARN_RANGE_LOOP_ANALYSIS = YES;
				CLANG_WARN_STRICT_PROTOTYPES = YES;
				CLANG_WARN_SUSPICIOUS_MOVE = YES;
				CLANG_WARN_UNGUARDED_AVAILABILITY = YES_AGGRESSIVE;
				CLANG_WARN_UNREACHABLE_CODE = YES;
				CLANG_WARN__DUPLICATE_METHOD_MATCH = YES;
				COPY_PHASE_STRIP = NO;
				DEBUG_INFORMATION_FORMAT = dwarf;
				ENABLE_STRICT_OBJC_MSGSEND = YES;
				ENABLE_TESTABILITY = YES;
				ENABLE_USER_SCRIPT_SANDBOXING = YES;
				GCC_C_LANGUAGE_STANDARD = gnu17;
				GCC_DYNAMIC_NO_PIC = NO;
				GCC_NO_COMMON_BLOCKS = YES;
				GCC_OPTIMIZATION_LEVEL = 0;
				GCC_PREPROCESSOR_DEFINITIONS = (
					"DEBUG=1",
					"$(inherited)",
				);
				GCC_WARN_64_TO_32_BIT_CONVERSION = YES;
				GCC_WARN_ABOUT_RETURN_TYPE = YES_ERROR;
				GCC_WARN_UNDECLARED_SELECTOR = YES;
				GCC_WARN_UNINITIALIZED_AUTOS = YES_AGGRESSIVE;
				GCC_WARN_UNUSED_FUNCTION = YES;
				GCC_WARN_UNUSED_VARIABLE = YES;
				IPHONEOS_DEPLOYMENT_TARGET = 17.2;
				LOCALIZATION_PREFERS_STRING_CATALOGS = YES;
				MTL_ENABLE_DEBUG_INFO = INCLUDE_SOURCE;
				MTL_FAST_MATH = YES;
				ONLY_ACTIVE_ARCH = YES;
				SDKROOT = iphoneos;
				SWIFT_ACTIVE_COMPILATION_CONDITIONS = "DEBUG $(inherited)";
				SWIFT_OPTIMIZATION_LEVEL = "-Onone";
			};
			name = Debug;
		};
		4C864E0A2B80BA2C0096B34C /* Release */ = {
			isa = XCBuildConfiguration;
			buildSettings = {
				ALWAYS_SEARCH_USER_PATHS = NO;
				ASSETCATALOG_COMPILER_GENERATE_SWIFT_ASSET_SYMBOL_EXTENSIONS = YES;
				CLANG_ANALYZER_NONNULL = YES;
				CLANG_ANALYZER_NUMBER_OBJECT_CONVERSION = YES_AGGRESSIVE;
				CLANG_CXX_LANGUAGE_STANDARD = "gnu++20";
				CLANG_ENABLE_MODULES = YES;
				CLANG_ENABLE_OBJC_ARC = YES;
				CLANG_ENABLE_OBJC_WEAK = YES;
				CLANG_WARN_BLOCK_CAPTURE_AUTORELEASING = YES;
				CLANG_WARN_BOOL_CONVERSION = YES;
				CLANG_WARN_COMMA = YES;
				CLANG_WARN_CONSTANT_CONVERSION = YES;
				CLANG_WARN_DEPRECATED_OBJC_IMPLEMENTATIONS = YES;
				CLANG_WARN_DIRECT_OBJC_ISA_USAGE = YES_ERROR;
				CLANG_WARN_DOCUMENTATION_COMMENTS = YES;
				CLANG_WARN_EMPTY_BODY = YES;
				CLANG_WARN_ENUM_CONVERSION = YES;
				CLANG_WARN_INFINITE_RECURSION = YES;
				CLANG_WARN_INT_CONVERSION = YES;
				CLANG_WARN_NON_LITERAL_NULL_CONVERSION = YES;
				CLANG_WARN_OBJC_IMPLICIT_RETAIN_SELF = YES;
				CLANG_WARN_OBJC_LITERAL_CONVERSION = YES;
				CLANG_WARN_OBJC_ROOT_CLASS = YES_ERROR;
				CLANG_WARN_QUOTED_INCLUDE_IN_FRAMEWORK_HEADER = YES;
				CLANG_WARN_RANGE_LOOP_ANALYSIS = YES;
				CLANG_WARN_STRICT_PROTOTYPES = YES;
				CLANG_WARN_SUSPICIOUS_MOVE = YES;
				CLANG_WARN_UNGUARDED_AVAILABILITY = YES_AGGRESSIVE;
				CLANG_WARN_UNREACHABLE_CODE = YES;
				CLANG_WARN__DUPLICATE_METHOD_MATCH = YES;
				COPY_PHASE_STRIP = NO;
				DEBUG_INFORMATION_FORMAT = "dwarf-with-dsym";
				ENABLE_NS_ASSERTIONS = NO;
				ENABLE_STRICT_OBJC_MSGSEND = YES;
				ENABLE_USER_SCRIPT_SANDBOXING = YES;
				GCC_C_LANGUAGE_STANDARD = gnu17;
				GCC_NO_COMMON_BLOCKS = YES;
				GCC_WARN_64_TO_32_BIT_CONVERSION = YES;
				GCC_WARN_ABOUT_RETURN_TYPE = YES_ERROR;
				GCC_WARN_UNDECLARED_SELECTOR = YES;
				GCC_WARN_UNINITIALIZED_AUTOS = YES_AGGRESSIVE;
				GCC_WARN_UNUSED_FUNCTION = YES;
				GCC_WARN_UNUSED_VARIABLE = YES;
				IPHONEOS_DEPLOYMENT_TARGET = 17.2;
				LOCALIZATION_PREFERS_STRING_CATALOGS = YES;
				MTL_ENABLE_DEBUG_INFO = NO;
				MTL_FAST_MATH = YES;
				SDKROOT = iphoneos;
				SWIFT_COMPILATION_MODE = wholemodule;
				VALIDATE_PRODUCT = YES;
			};
			name = Release;
		};
		4C864E0C2B80BA2C0096B34C /* Debug */ = {
			isa = XCBuildConfiguration;
			buildSettings = {
				ASSETCATALOG_COMPILER_APPICON_NAME = AppIcon;
				ASSETCATALOG_COMPILER_GLOBAL_ACCENT_COLOR_NAME = AccentColor;
				CODE_SIGN_STYLE = Automatic;
				CURRENT_PROJECT_VERSION = 1;
				DEVELOPMENT_TEAM = 7B8ASQH354;
				GENERATE_INFOPLIST_FILE = YES;
				INFOPLIST_FILE = MovieApp/Info.plist;
				INFOPLIST_KEY_UIApplicationSupportsIndirectInputEvents = YES;
				INFOPLIST_KEY_UILaunchStoryboardName = LaunchScreen.storyboard;
				INFOPLIST_KEY_UISupportedInterfaceOrientations_iPad = "UIInterfaceOrientationPortrait UIInterfaceOrientationPortraitUpsideDown UIInterfaceOrientationLandscapeLeft UIInterfaceOrientationLandscapeRight";
				INFOPLIST_KEY_UISupportedInterfaceOrientations_iPhone = "UIInterfaceOrientationPortrait UIInterfaceOrientationLandscapeLeft UIInterfaceOrientationLandscapeRight";
				LD_RUNPATH_SEARCH_PATHS = (
					"$(inherited)",
					"@executable_path/Frameworks",
				);
				MARKETING_VERSION = 1.0;
				PRODUCT_BUNDLE_IDENTIFIER = com.nursaharii.MovieApp;
				PRODUCT_NAME = "$(TARGET_NAME)";
				SWIFT_EMIT_LOC_STRINGS = YES;
				SWIFT_VERSION = 5.0;
				TARGETED_DEVICE_FAMILY = "1,2";
			};
			name = Debug;
		};
		4C864E0D2B80BA2C0096B34C /* Release */ = {
			isa = XCBuildConfiguration;
			buildSettings = {
				ASSETCATALOG_COMPILER_APPICON_NAME = AppIcon;
				ASSETCATALOG_COMPILER_GLOBAL_ACCENT_COLOR_NAME = AccentColor;
				CODE_SIGN_STYLE = Automatic;
				CURRENT_PROJECT_VERSION = 1;
				DEVELOPMENT_TEAM = 7B8ASQH354;
				GENERATE_INFOPLIST_FILE = YES;
				INFOPLIST_FILE = MovieApp/Info.plist;
				INFOPLIST_KEY_UIApplicationSupportsIndirectInputEvents = YES;
				INFOPLIST_KEY_UILaunchStoryboardName = LaunchScreen.storyboard;
				INFOPLIST_KEY_UISupportedInterfaceOrientations_iPad = "UIInterfaceOrientationPortrait UIInterfaceOrientationPortraitUpsideDown UIInterfaceOrientationLandscapeLeft UIInterfaceOrientationLandscapeRight";
				INFOPLIST_KEY_UISupportedInterfaceOrientations_iPhone = "UIInterfaceOrientationPortrait UIInterfaceOrientationLandscapeLeft UIInterfaceOrientationLandscapeRight";
				LD_RUNPATH_SEARCH_PATHS = (
					"$(inherited)",
					"@executable_path/Frameworks",
				);
				MARKETING_VERSION = 1.0;
				PRODUCT_BUNDLE_IDENTIFIER = com.nursaharii.MovieApp;
				PRODUCT_NAME = "$(TARGET_NAME)";
				SWIFT_EMIT_LOC_STRINGS = YES;
				SWIFT_VERSION = 5.0;
				TARGETED_DEVICE_FAMILY = "1,2";
			};
			name = Release;
		};
		4C864E0F2B80BA2C0096B34C /* Debug */ = {
			isa = XCBuildConfiguration;
			buildSettings = {
				ALWAYS_EMBED_SWIFT_STANDARD_LIBRARIES = YES;
				BUNDLE_LOADER = "$(TEST_HOST)";
				CODE_SIGN_STYLE = Automatic;
				CURRENT_PROJECT_VERSION = 1;
				DEVELOPMENT_TEAM = 7B8ASQH354;
				GENERATE_INFOPLIST_FILE = YES;
				IPHONEOS_DEPLOYMENT_TARGET = 17.2;
				MARKETING_VERSION = 1.0;
				PRODUCT_BUNDLE_IDENTIFIER = "com.nursaharii.MVVM-C-BoilerPlateTests";
				PRODUCT_NAME = "$(TARGET_NAME)";
				SWIFT_EMIT_LOC_STRINGS = NO;
				SWIFT_VERSION = 5.0;
				TARGETED_DEVICE_FAMILY = "1,2";
				TEST_HOST = "$(BUILT_PRODUCTS_DIR)/MovieApp.app/$(BUNDLE_EXECUTABLE_FOLDER_PATH)/MovieApp";
			};
			name = Debug;
		};
		4C864E102B80BA2C0096B34C /* Release */ = {
			isa = XCBuildConfiguration;
			buildSettings = {
				ALWAYS_EMBED_SWIFT_STANDARD_LIBRARIES = YES;
				BUNDLE_LOADER = "$(TEST_HOST)";
				CODE_SIGN_STYLE = Automatic;
				CURRENT_PROJECT_VERSION = 1;
				DEVELOPMENT_TEAM = 7B8ASQH354;
				GENERATE_INFOPLIST_FILE = YES;
				IPHONEOS_DEPLOYMENT_TARGET = 17.2;
				MARKETING_VERSION = 1.0;
				PRODUCT_BUNDLE_IDENTIFIER = "com.nursaharii.MVVM-C-BoilerPlateTests";
				PRODUCT_NAME = "$(TARGET_NAME)";
				SWIFT_EMIT_LOC_STRINGS = NO;
				SWIFT_VERSION = 5.0;
				TARGETED_DEVICE_FAMILY = "1,2";
				TEST_HOST = "$(BUILT_PRODUCTS_DIR)/MovieApp.app/$(BUNDLE_EXECUTABLE_FOLDER_PATH)/MovieApp";
			};
			name = Release;
		};
		4C864E122B80BA2C0096B34C /* Debug */ = {
			isa = XCBuildConfiguration;
			buildSettings = {
				ALWAYS_EMBED_SWIFT_STANDARD_LIBRARIES = YES;
				CODE_SIGN_STYLE = Automatic;
				CURRENT_PROJECT_VERSION = 1;
				DEVELOPMENT_TEAM = 7B8ASQH354;
				GENERATE_INFOPLIST_FILE = YES;
				MARKETING_VERSION = 1.0;
				PRODUCT_BUNDLE_IDENTIFIER = "com.nursaharii.MVVM-C-BoilerPlateUITests";
				PRODUCT_NAME = "$(TARGET_NAME)";
				SWIFT_EMIT_LOC_STRINGS = NO;
				SWIFT_VERSION = 5.0;
				TARGETED_DEVICE_FAMILY = "1,2";
				TEST_TARGET_NAME = "MVVM-C_BoilerPlate";
			};
			name = Debug;
		};
		4C864E132B80BA2C0096B34C /* Release */ = {
			isa = XCBuildConfiguration;
			buildSettings = {
				ALWAYS_EMBED_SWIFT_STANDARD_LIBRARIES = YES;
				CODE_SIGN_STYLE = Automatic;
				CURRENT_PROJECT_VERSION = 1;
				DEVELOPMENT_TEAM = 7B8ASQH354;
				GENERATE_INFOPLIST_FILE = YES;
				MARKETING_VERSION = 1.0;
				PRODUCT_BUNDLE_IDENTIFIER = "com.nursaharii.MVVM-C-BoilerPlateUITests";
				PRODUCT_NAME = "$(TARGET_NAME)";
				SWIFT_EMIT_LOC_STRINGS = NO;
				SWIFT_VERSION = 5.0;
				TARGETED_DEVICE_FAMILY = "1,2";
				TEST_TARGET_NAME = "MVVM-C_BoilerPlate";
			};
			name = Release;
		};
/* End XCBuildConfiguration section */

/* Begin XCConfigurationList section */
		4C864DDC2B80BA270096B34C /* Build configuration list for PBXProject "MovieApp" */ = {
			isa = XCConfigurationList;
			buildConfigurations = (
				4C864E092B80BA2C0096B34C /* Debug */,
				4C864E0A2B80BA2C0096B34C /* Release */,
			);
			defaultConfigurationIsVisible = 0;
			defaultConfigurationName = Release;
		};
		4C864E0B2B80BA2C0096B34C /* Build configuration list for PBXNativeTarget "MovieApp" */ = {
			isa = XCConfigurationList;
			buildConfigurations = (
				4C864E0C2B80BA2C0096B34C /* Debug */,
				4C864E0D2B80BA2C0096B34C /* Release */,
			);
			defaultConfigurationIsVisible = 0;
			defaultConfigurationName = Release;
		};
		4C864E0E2B80BA2C0096B34C /* Build configuration list for PBXNativeTarget "MovieAppTests" */ = {
			isa = XCConfigurationList;
			buildConfigurations = (
				4C864E0F2B80BA2C0096B34C /* Debug */,
				4C864E102B80BA2C0096B34C /* Release */,
			);
			defaultConfigurationIsVisible = 0;
			defaultConfigurationName = Release;
		};
		4C864E112B80BA2C0096B34C /* Build configuration list for PBXNativeTarget "MovieAppUITests" */ = {
			isa = XCConfigurationList;
			buildConfigurations = (
				4C864E122B80BA2C0096B34C /* Debug */,
				4C864E132B80BA2C0096B34C /* Release */,
			);
			defaultConfigurationIsVisible = 0;
			defaultConfigurationName = Release;
		};
/* End XCConfigurationList section */

/* Begin XCRemoteSwiftPackageReference section */
		4C138FCA2B813BA800B611F6 /* XCRemoteSwiftPackageReference "Alamofire" */ = {
			isa = XCRemoteSwiftPackageReference;
			repositoryURL = "https://github.com/Alamofire/Alamofire.git";
			requirement = {
				kind = upToNextMajorVersion;
				minimumVersion = 5.8.1;
			};
		};
		4C33BCDF2B837C1C000942AA /* XCRemoteSwiftPackageReference "SkeletonView" */ = {
			isa = XCRemoteSwiftPackageReference;
			repositoryURL = "https://github.com/Juanpe/SkeletonView.git";
			requirement = {
				kind = upToNextMajorVersion;
				minimumVersion = 1.30.4;
			};
		};
		4C937A162B84D4FE006DB497 /* XCRemoteSwiftPackageReference "Cosmos" */ = {
			isa = XCRemoteSwiftPackageReference;
			repositoryURL = "https://github.com/evgenyneu/Cosmos.git";
			requirement = {
				kind = upToNextMajorVersion;
				minimumVersion = 25.0.1;
			};
		};
		4CDD66A62B839C5F00DDEF43 /* XCRemoteSwiftPackageReference "ios-snapshot-test-case" */ = {
			isa = XCRemoteSwiftPackageReference;
			repositoryURL = "https://github.com/uber/ios-snapshot-test-case.git";
			requirement = {
				kind = upToNextMajorVersion;
				minimumVersion = 8.0.0;
			};
		};
		4CDD66A92B83AF1B00DDEF43 /* XCRemoteSwiftPackageReference "Kingfisher" */ = {
			isa = XCRemoteSwiftPackageReference;
			repositoryURL = "https://github.com/onevcat/Kingfisher";
			requirement = {
				kind = upToNextMajorVersion;
				minimumVersion = 7.11.0;
			};
		};
/* End XCRemoteSwiftPackageReference section */

/* Begin XCSwiftPackageProductDependency section */
		4C138FCB2B813BA800B611F6 /* Alamofire */ = {
			isa = XCSwiftPackageProductDependency;
			package = 4C138FCA2B813BA800B611F6 /* XCRemoteSwiftPackageReference "Alamofire" */;
			productName = Alamofire;
		};
		4C33BCE02B837C1C000942AA /* SkeletonView */ = {
			isa = XCSwiftPackageProductDependency;
			package = 4C33BCDF2B837C1C000942AA /* XCRemoteSwiftPackageReference "SkeletonView" */;
			productName = SkeletonView;
		};
		4C937A172B84D4FE006DB497 /* Cosmos */ = {
			isa = XCSwiftPackageProductDependency;
			package = 4C937A162B84D4FE006DB497 /* XCRemoteSwiftPackageReference "Cosmos" */;
			productName = Cosmos;
		};
		4CDD66AA2B83AF1B00DDEF43 /* Kingfisher */ = {
			isa = XCSwiftPackageProductDependency;
			package = 4CDD66A92B83AF1B00DDEF43 /* XCRemoteSwiftPackageReference "Kingfisher" */;
			productName = Kingfisher;
		};
/* End XCSwiftPackageProductDependency section */
	};
	rootObject = 4C864DD92B80BA270096B34C /* Project object */;
}
